// !$*UTF8*$!
{
	archiveVersion = 1;
	classes = {
	};
	objectVersion = 77;
	objects = {

/* Begin PBXBuildFile section */
		0157DF9ED727064224E5B774 /* AppState.swift in Sources */ = {isa = PBXBuildFile; fileRef = CE828D035D2B456D47A4C54E /* AppState.swift */; };
		0284BF5F5C100DE1AD3A4DA9 /* ExtractionResultView.swift in Sources */ = {isa = PBXBuildFile; fileRef = 252CD77CA73EBE301D8250D6 /* ExtractionResultView.swift */; };
		08DCBE3ECEE9783CC44CED6B /* RichTextEditor.swift in Sources */ = {isa = PBXBuildFile; fileRef = 17B3AA66C33F66F439B8BA03 /* RichTextEditor.swift */; };
		0BAFCCB9B7683415924E7E18 /* AIPopoverView.swift in Sources */ = {isa = PBXBuildFile; fileRef = 77EF582693A7E0088E1ADA65 /* AIPopoverView.swift */; };
		186809F0980FECC50D985D4A /* AutoTagger.swift in Sources */ = {isa = PBXBuildFile; fileRef = F0AC1878073E94FD28BAE58D /* AutoTagger.swift */; };
		270C2B16A4152F4339EA565E /* Note.swift in Sources */ = {isa = PBXBuildFile; fileRef = 46FD27D7F85DF298A2E3A95A /* Note.swift */; };
		27CF9E4E76214512C0FD9714 /* NotePickerView.swift in Sources */ = {isa = PBXBuildFile; fileRef = 60354F5AC1FA1FA3EF8E97CB /* NotePickerView.swift */; };
		2955591FECBD8379802C6CB3 /* AIResultView.swift in Sources */ = {isa = PBXBuildFile; fileRef = E6796766F27435FDF4855015 /* AIResultView.swift */; };
		2D0F2D73A294121291934978 /* IntelligenceAvailability.swift in Sources */ = {isa = PBXBuildFile; fileRef = 961CF22A97A88FC9256CDE7E /* IntelligenceAvailability.swift */; };
		300DB33B785F436F3BC2A184 /* AIPopoverView.swift in Sources */ = {isa = PBXBuildFile; fileRef = 77EF582693A7E0088E1ADA65 /* AIPopoverView.swift */; };
		313B6FCDE3A34AC1F17FA034 /* ContentView.swift in Sources */ = {isa = PBXBuildFile; fileRef = 8214DF1F6A9012A22FA02428 /* ContentView.swift */; };
		3159F6D3B6C012509F8A3702 /* EditorToolbar.swift in Sources */ = {isa = PBXBuildFile; fileRef = 1F8E7BBA2DF28187501E40C8 /* EditorToolbar.swift */; };
		364E2E28D6106F82652B82C4 /* ColorExtensions.swift in Sources */ = {isa = PBXBuildFile; fileRef = 59AFA5085C4A1960E2F2B26D /* ColorExtensions.swift */; };
		38DBCACBE0C0F361CA0F5667 /* AutoTagger.swift in Sources */ = {isa = PBXBuildFile; fileRef = F0AC1878073E94FD28BAE58D /* AutoTagger.swift */; };
		39F3193EBD384CB03271472B /* NoteTools.swift in Sources */ = {isa = PBXBuildFile; fileRef = 9687C02492C48FAD10D66494 /* NoteTools.swift */; };
		3AF66B02F4082E1E3B5597FD /* PlatformTypes.swift in Sources */ = {isa = PBXBuildFile; fileRef = AA91A00353B11B4BF8606C59 /* PlatformTypes.swift */; };
		40CB7341470FD686F2108DEC /* NoteColorTests.swift in Sources */ = {isa = PBXBuildFile; fileRef = 8316D1B283B4BCEF165CEB7C /* NoteColorTests.swift */; };
		4938F255ECBF027429B145F2 /* NoteTests.swift in Sources */ = {isa = PBXBuildFile; fileRef = 1906BCA911D2E7DE90BCD1C1 /* NoteTests.swift */; };
		4C4CF1AF3A83C665CB05AD5D /* EntityExtractor.swift in Sources */ = {isa = PBXBuildFile; fileRef = 2E7F3E2E727817DFEBADBFB6 /* EntityExtractor.swift */; };
		4F8985386F6DEA41C0610F0C /* MarkdownExporter.swift in Sources */ = {isa = PBXBuildFile; fileRef = 926CC4CDD36936BB446CFD24 /* MarkdownExporter.swift */; };
		50529AE0B028220F4FD4D43C /* iOSApp.swift in Sources */ = {isa = PBXBuildFile; fileRef = 9FADF3E382B41D4433340E81 /* iOSApp.swift */; };
		5676EC186EDB3492F6E3EC0C /* AIResultView.swift in Sources */ = {isa = PBXBuildFile; fileRef = E6796766F27435FDF4855015 /* AIResultView.swift */; };
		5796BF66C57FC4BF32D20963 /* AIAssistantView.swift in Sources */ = {isa = PBXBuildFile; fileRef = CF8064B92020144E6C30CDDA /* AIAssistantView.swift */; };
		5C4668916A1C8018B909259B /* MarkdownExporter.swift in Sources */ = {isa = PBXBuildFile; fileRef = 926CC4CDD36936BB446CFD24 /* MarkdownExporter.swift */; };
		5DD010A93F855E06051614CC /* ColorExtensions.swift in Sources */ = {isa = PBXBuildFile; fileRef = 59AFA5085C4A1960E2F2B26D /* ColorExtensions.swift */; };
		5EA6CD7089BBBE5BED7A19ED /* MarkdownExporterTests.swift in Sources */ = {isa = PBXBuildFile; fileRef = C620FDE8B06EF37B2EBA397C /* MarkdownExporterTests.swift */; };
		669980CF46BC4104C0F1B2CC /* WikiLinkProcessor.swift in Sources */ = {isa = PBXBuildFile; fileRef = 43071A915C8335DE4928FE71 /* WikiLinkProcessor.swift */; };
		69E723AEE79346A1CF0CC3B5 /* NoteColor.swift in Sources */ = {isa = PBXBuildFile; fileRef = 9D5B30E84A80F465B748109A /* NoteColor.swift */; };
		6BB4093854E39C16F804686F /* NoteMetadataTests.swift in Sources */ = {isa = PBXBuildFile; fileRef = 54A6A8F562EA15DB69DC7BF8 /* NoteMetadataTests.swift */; };
		6D792441843FCD9A54FB5474 /* PlatformTypes.swift in Sources */ = {isa = PBXBuildFile; fileRef = AA91A00353B11B4BF8606C59 /* PlatformTypes.swift */; };
		719DF0F46DC0E6A9DB9DC895 /* RichTextCoordinator.swift in Sources */ = {isa = PBXBuildFile; fileRef = 3AF124499B8EB5524C2CECFD /* RichTextCoordinator.swift */; };
		8A1723775D8DED3CB2C90284 /* IntelligenceAvailability.swift in Sources */ = {isa = PBXBuildFile; fileRef = 961CF22A97A88FC9256CDE7E /* IntelligenceAvailability.swift */; };
		8B8D54A15C21AC01B71326D7 /* RetotUITestsLaunchTests.swift in Sources */ = {isa = PBXBuildFile; fileRef = C27592E38E8295E985C9A93E /* RetotUITestsLaunchTests.swift */; };
		91DCD821920D56EAC9BC42FF /* StorageConstants.swift in Sources */ = {isa = PBXBuildFile; fileRef = 5878E60F0E3BCB33C2AAD8E3 /* StorageConstants.swift */; };
		9AD55A40AAC8003E5844F30F /* Note.swift in Sources */ = {isa = PBXBuildFile; fileRef = 46FD27D7F85DF298A2E3A95A /* Note.swift */; };
		9BDC81C838D17520A38DC118 /* NoteMetadata.swift in Sources */ = {isa = PBXBuildFile; fileRef = 33D37803F859285CD77C5E92 /* NoteMetadata.swift */; };
		9C9B1021427F4D77AC14D276 /* DotView.swift in Sources */ = {isa = PBXBuildFile; fileRef = 385768F5820263AB49959B8C /* DotView.swift */; };
		9E996AB71402BF7F89772893 /* StorageConstants.swift in Sources */ = {isa = PBXBuildFile; fileRef = 5878E60F0E3BCB33C2AAD8E3 /* StorageConstants.swift */; };
		A0A8225075069D260AF7EE7B /* SettingsView.swift in Sources */ = {isa = PBXBuildFile; fileRef = ECB96D6BB10D27371F79D088 /* SettingsView.swift */; };
		A1D2D00C75D9C8FA77B11C12 /* ExportManager.swift in Sources */ = {isa = PBXBuildFile; fileRef = 06CFA04109A97EA7AF2B83E1 /* ExportManager.swift */; };
		AB0C266C1A8AE0514A17A1B9 /* RetotUITests.swift in Sources */ = {isa = PBXBuildFile; fileRef = 708EDA34B7252C7BACB7EBCE /* RetotUITests.swift */; };
		ABAA36DBB568FB20E7E0ED6F /* ExtractionResultView.swift in Sources */ = {isa = PBXBuildFile; fileRef = 252CD77CA73EBE301D8250D6 /* ExtractionResultView.swift */; };
		B301E02F3AB40E6A6B7A3E64 /* StorageManager.swift in Sources */ = {isa = PBXBuildFile; fileRef = 53044843A00078D7A79B9D21 /* StorageManager.swift */; };
		B4C28FF4D2F1C28B379B7B6A /* StorageManager.swift in Sources */ = {isa = PBXBuildFile; fileRef = 53044843A00078D7A79B9D21 /* StorageManager.swift */; };
		B6062EC75DA6431C384349E4 /* AIInstructions.swift in Sources */ = {isa = PBXBuildFile; fileRef = 675F993F2E3D255F551ED4CB /* AIInstructions.swift */; };
		C3791C0524F39997D126F333 /* NoteTools.swift in Sources */ = {isa = PBXBuildFile; fileRef = 9687C02492C48FAD10D66494 /* NoteTools.swift */; };
		C6D263D055646E8E9B101D82 /* NoteSettingsPopover.swift in Sources */ = {isa = PBXBuildFile; fileRef = 115F5D6120387AA9CB2EAEEC /* NoteSettingsPopover.swift */; };
		C77A8AAD0A8DC56540F389DD /* DotBar.swift in Sources */ = {isa = PBXBuildFile; fileRef = 873F871892354F27FB6D756D /* DotBar.swift */; };
		D0DFC8975D16D720C3406E4A /* AIAssistantView.swift in Sources */ = {isa = PBXBuildFile; fileRef = CF8064B92020144E6C30CDDA /* AIAssistantView.swift */; };
		D65CD97DA2775428A99CB70B /* AIInstructions.swift in Sources */ = {isa = PBXBuildFile; fileRef = 675F993F2E3D255F551ED4CB /* AIInstructions.swift */; };
		D76054E9053C5A51C05479BC /* macOSApp.swift in Sources */ = {isa = PBXBuildFile; fileRef = ECC50F002DB0C1083A386DBD /* macOSApp.swift */; };
		D7AD0EB74DD8D5AD87DB6266 /* NoteEditorView.swift in Sources */ = {isa = PBXBuildFile; fileRef = 3B82EF44C453CB3AED4BC684 /* NoteEditorView.swift */; };
		DAB525EA6B2FB4D78B13E39C /* StorageManagerTests.swift in Sources */ = {isa = PBXBuildFile; fileRef = 822633A4DB153CA89C0D22EC /* StorageManagerTests.swift */; };
		DC8DE16B012C8FA486AB1DF1 /* WikiLinkProcessorTests.swift in Sources */ = {isa = PBXBuildFile; fileRef = 1612BAD658B12CA7E45CA737 /* WikiLinkProcessorTests.swift */; };
		DF15D03D4AC7B3042C5CB184 /* NoteMetadata.swift in Sources */ = {isa = PBXBuildFile; fileRef = 33D37803F859285CD77C5E92 /* NoteMetadata.swift */; };
		E13B978DFACBCF6D93FD8E9A /* EntityExtractor.swift in Sources */ = {isa = PBXBuildFile; fileRef = 2E7F3E2E727817DFEBADBFB6 /* EntityExtractor.swift */; };
		E6D26103AD1CCB3B370646A3 /* NoteColor.swift in Sources */ = {isa = PBXBuildFile; fileRef = 9D5B30E84A80F465B748109A /* NoteColor.swift */; };
		F2CF395DD8DC68B7F267B7B4 /* iOSRootView.swift in Sources */ = {isa = PBXBuildFile; fileRef = 88EE1687087DF07951EC0F38 /* iOSRootView.swift */; };
		F51B85D3FD684B4C28EF8B6B /* AppState.swift in Sources */ = {isa = PBXBuildFile; fileRef = CE828D035D2B456D47A4C54E /* AppState.swift */; };
/* End PBXBuildFile section */

/* Begin PBXContainerItemProxy section */
		055A318B582E234AE83217BF /* PBXContainerItemProxy */ = {
			isa = PBXContainerItemProxy;
			containerPortal = 590FBDA3C1472BA8D8F51C5F /* Project object */;
			proxyType = 1;
			remoteGlobalIDString = 6E843D69327CB911FE3ED081;
			remoteInfo = Retot;
		};
		3D7F1CF643E38E08348B6342 /* PBXContainerItemProxy */ = {
			isa = PBXContainerItemProxy;
			containerPortal = 590FBDA3C1472BA8D8F51C5F /* Project object */;
			proxyType = 1;
			remoteGlobalIDString = 6E843D69327CB911FE3ED081;
			remoteInfo = Retot;
		};
/* End PBXContainerItemProxy section */

/* Begin PBXFileReference section */
		06CFA04109A97EA7AF2B83E1 /* ExportManager.swift */ = {isa = PBXFileReference; lastKnownFileType = sourcecode.swift; path = ExportManager.swift; sourceTree = "<group>"; };
		115F5D6120387AA9CB2EAEEC /* NoteSettingsPopover.swift */ = {isa = PBXFileReference; lastKnownFileType = sourcecode.swift; path = NoteSettingsPopover.swift; sourceTree = "<group>"; };
		1612BAD658B12CA7E45CA737 /* WikiLinkProcessorTests.swift */ = {isa = PBXFileReference; lastKnownFileType = sourcecode.swift; path = WikiLinkProcessorTests.swift; sourceTree = "<group>"; };
		17B3AA66C33F66F439B8BA03 /* RichTextEditor.swift */ = {isa = PBXFileReference; lastKnownFileType = sourcecode.swift; path = RichTextEditor.swift; sourceTree = "<group>"; };
		18D0FEA38ED9AB3C2205D2AD /* Retot.app */ = {isa = PBXFileReference; explicitFileType = wrapper.application; includeInIndex = 0; path = Retot.app; sourceTree = BUILT_PRODUCTS_DIR; };
		1906BCA911D2E7DE90BCD1C1 /* NoteTests.swift */ = {isa = PBXFileReference; lastKnownFileType = sourcecode.swift; path = NoteTests.swift; sourceTree = "<group>"; };
		1F8E7BBA2DF28187501E40C8 /* EditorToolbar.swift */ = {isa = PBXFileReference; lastKnownFileType = sourcecode.swift; path = EditorToolbar.swift; sourceTree = "<group>"; };
		252CD77CA73EBE301D8250D6 /* ExtractionResultView.swift */ = {isa = PBXFileReference; lastKnownFileType = sourcecode.swift; path = ExtractionResultView.swift; sourceTree = "<group>"; };
		2E7F3E2E727817DFEBADBFB6 /* EntityExtractor.swift */ = {isa = PBXFileReference; lastKnownFileType = sourcecode.swift; path = EntityExtractor.swift; sourceTree = "<group>"; };
		33D37803F859285CD77C5E92 /* NoteMetadata.swift */ = {isa = PBXFileReference; lastKnownFileType = sourcecode.swift; path = NoteMetadata.swift; sourceTree = "<group>"; };
		385768F5820263AB49959B8C /* DotView.swift */ = {isa = PBXFileReference; lastKnownFileType = sourcecode.swift; path = DotView.swift; sourceTree = "<group>"; };
		3AF124499B8EB5524C2CECFD /* RichTextCoordinator.swift */ = {isa = PBXFileReference; lastKnownFileType = sourcecode.swift; path = RichTextCoordinator.swift; sourceTree = "<group>"; };
		3B82EF44C453CB3AED4BC684 /* NoteEditorView.swift */ = {isa = PBXFileReference; lastKnownFileType = sourcecode.swift; path = NoteEditorView.swift; sourceTree = "<group>"; };
		43071A915C8335DE4928FE71 /* WikiLinkProcessor.swift */ = {isa = PBXFileReference; lastKnownFileType = sourcecode.swift; path = WikiLinkProcessor.swift; sourceTree = "<group>"; };
		46FD27D7F85DF298A2E3A95A /* Note.swift */ = {isa = PBXFileReference; lastKnownFileType = sourcecode.swift; path = Note.swift; sourceTree = "<group>"; };
		53044843A00078D7A79B9D21 /* StorageManager.swift */ = {isa = PBXFileReference; lastKnownFileType = sourcecode.swift; path = StorageManager.swift; sourceTree = "<group>"; };
		53A08AD7968741ADCA0B2B5D /* RetotiOS.app */ = {isa = PBXFileReference; includeInIndex = 0; lastKnownFileType = wrapper.application; path = RetotiOS.app; sourceTree = BUILT_PRODUCTS_DIR; };
		54A6A8F562EA15DB69DC7BF8 /* NoteMetadataTests.swift */ = {isa = PBXFileReference; lastKnownFileType = sourcecode.swift; path = NoteMetadataTests.swift; sourceTree = "<group>"; };
		56F328925D02B472967D19CA /* RetotTests.xctest */ = {isa = PBXFileReference; explicitFileType = wrapper.cfbundle; includeInIndex = 0; path = RetotTests.xctest; sourceTree = BUILT_PRODUCTS_DIR; };
		5878E60F0E3BCB33C2AAD8E3 /* StorageConstants.swift */ = {isa = PBXFileReference; lastKnownFileType = sourcecode.swift; path = StorageConstants.swift; sourceTree = "<group>"; };
		59AFA5085C4A1960E2F2B26D /* ColorExtensions.swift */ = {isa = PBXFileReference; lastKnownFileType = sourcecode.swift; path = ColorExtensions.swift; sourceTree = "<group>"; };
		5A1BB822BBC4F5EE003D8B6A /* RetotUITests.xctest */ = {isa = PBXFileReference; explicitFileType = wrapper.cfbundle; includeInIndex = 0; path = RetotUITests.xctest; sourceTree = BUILT_PRODUCTS_DIR; };
		60354F5AC1FA1FA3EF8E97CB /* NotePickerView.swift */ = {isa = PBXFileReference; lastKnownFileType = sourcecode.swift; path = NotePickerView.swift; sourceTree = "<group>"; };
		675F993F2E3D255F551ED4CB /* AIInstructions.swift */ = {isa = PBXFileReference; lastKnownFileType = sourcecode.swift; path = AIInstructions.swift; sourceTree = "<group>"; };
		708EDA34B7252C7BACB7EBCE /* RetotUITests.swift */ = {isa = PBXFileReference; lastKnownFileType = sourcecode.swift; path = RetotUITests.swift; sourceTree = "<group>"; };
		77EF582693A7E0088E1ADA65 /* AIPopoverView.swift */ = {isa = PBXFileReference; lastKnownFileType = sourcecode.swift; path = AIPopoverView.swift; sourceTree = "<group>"; };
		8214DF1F6A9012A22FA02428 /* ContentView.swift */ = {isa = PBXFileReference; lastKnownFileType = sourcecode.swift; path = ContentView.swift; sourceTree = "<group>"; };
		822633A4DB153CA89C0D22EC /* StorageManagerTests.swift */ = {isa = PBXFileReference; lastKnownFileType = sourcecode.swift; path = StorageManagerTests.swift; sourceTree = "<group>"; };
		8316D1B283B4BCEF165CEB7C /* NoteColorTests.swift */ = {isa = PBXFileReference; lastKnownFileType = sourcecode.swift; path = NoteColorTests.swift; sourceTree = "<group>"; };
		873F871892354F27FB6D756D /* DotBar.swift */ = {isa = PBXFileReference; lastKnownFileType = sourcecode.swift; path = DotBar.swift; sourceTree = "<group>"; };
		88EE1687087DF07951EC0F38 /* iOSRootView.swift */ = {isa = PBXFileReference; lastKnownFileType = sourcecode.swift; path = iOSRootView.swift; sourceTree = "<group>"; };
		926CC4CDD36936BB446CFD24 /* MarkdownExporter.swift */ = {isa = PBXFileReference; lastKnownFileType = sourcecode.swift; path = MarkdownExporter.swift; sourceTree = "<group>"; };
		961CF22A97A88FC9256CDE7E /* IntelligenceAvailability.swift */ = {isa = PBXFileReference; lastKnownFileType = sourcecode.swift; path = IntelligenceAvailability.swift; sourceTree = "<group>"; };
		9687C02492C48FAD10D66494 /* NoteTools.swift */ = {isa = PBXFileReference; lastKnownFileType = sourcecode.swift; path = NoteTools.swift; sourceTree = "<group>"; };
		9D5B30E84A80F465B748109A /* NoteColor.swift */ = {isa = PBXFileReference; lastKnownFileType = sourcecode.swift; path = NoteColor.swift; sourceTree = "<group>"; };
		9FADF3E382B41D4433340E81 /* iOSApp.swift */ = {isa = PBXFileReference; lastKnownFileType = sourcecode.swift; path = iOSApp.swift; sourceTree = "<group>"; };
		AA91A00353B11B4BF8606C59 /* PlatformTypes.swift */ = {isa = PBXFileReference; lastKnownFileType = sourcecode.swift; path = PlatformTypes.swift; sourceTree = "<group>"; };
		C27592E38E8295E985C9A93E /* RetotUITestsLaunchTests.swift */ = {isa = PBXFileReference; lastKnownFileType = sourcecode.swift; path = RetotUITestsLaunchTests.swift; sourceTree = "<group>"; };
		C620FDE8B06EF37B2EBA397C /* MarkdownExporterTests.swift */ = {isa = PBXFileReference; lastKnownFileType = sourcecode.swift; path = MarkdownExporterTests.swift; sourceTree = "<group>"; };
		CE828D035D2B456D47A4C54E /* AppState.swift */ = {isa = PBXFileReference; lastKnownFileType = sourcecode.swift; path = AppState.swift; sourceTree = "<group>"; };
		CF8064B92020144E6C30CDDA /* AIAssistantView.swift */ = {isa = PBXFileReference; lastKnownFileType = sourcecode.swift; path = AIAssistantView.swift; sourceTree = "<group>"; };
		E6796766F27435FDF4855015 /* AIResultView.swift */ = {isa = PBXFileReference; lastKnownFileType = sourcecode.swift; path = AIResultView.swift; sourceTree = "<group>"; };
		ECB96D6BB10D27371F79D088 /* SettingsView.swift */ = {isa = PBXFileReference; lastKnownFileType = sourcecode.swift; path = SettingsView.swift; sourceTree = "<group>"; };
		ECC50F002DB0C1083A386DBD /* macOSApp.swift */ = {isa = PBXFileReference; lastKnownFileType = sourcecode.swift; path = macOSApp.swift; sourceTree = "<group>"; };
		F0AC1878073E94FD28BAE58D /* AutoTagger.swift */ = {isa = PBXFileReference; lastKnownFileType = sourcecode.swift; path = AutoTagger.swift; sourceTree = "<group>"; };
/* End PBXFileReference section */

/* Begin PBXGroup section */
		02FF6ACB0F771F4DA15D514A = {
			isa = PBXGroup;
			children = (
				F38DDA3634B21BFF1F3CA470 /* iOS */,
				BEC883F94BB6E2B1E794EBA4 /* macOS */,
				7334127F6F79B6BE30FCA630 /* RetotTests */,
				8B39B897FA9BFFAD38F22DEC /* RetotUITests */,
				79F56C2E9318D81F8AEA60B2 /* Shared */,
				4E93229FBC12F7E27E547BCA /* Products */,
			);
			sourceTree = "<group>";
		};
		1B95BA46507D1DCA7E60DE53 /* Views */ = {
			isa = PBXGroup;
			children = (
				8214DF1F6A9012A22FA02428 /* ContentView.swift */,
				873F871892354F27FB6D756D /* DotBar.swift */,
				385768F5820263AB49959B8C /* DotView.swift */,
				3B82EF44C453CB3AED4BC684 /* NoteEditorView.swift */,
				60354F5AC1FA1FA3EF8E97CB /* NotePickerView.swift */,
				115F5D6120387AA9CB2EAEEC /* NoteSettingsPopover.swift */,
				ECB96D6BB10D27371F79D088 /* SettingsView.swift */,
			);
			path = Views;
			sourceTree = "<group>";
		};
		26BCE540D530FAD849674F53 /* Models */ = {
			isa = PBXGroup;
			children = (
				59AFA5085C4A1960E2F2B26D /* ColorExtensions.swift */,
				46FD27D7F85DF298A2E3A95A /* Note.swift */,
				9D5B30E84A80F465B748109A /* NoteColor.swift */,
				33D37803F859285CD77C5E92 /* NoteMetadata.swift */,
			);
			path = Models;
			sourceTree = "<group>";
		};
		2AF772D61538984834611DC5 /* Export */ = {
			isa = PBXGroup;
			children = (
				926CC4CDD36936BB446CFD24 /* MarkdownExporter.swift */,
			);
			path = Export;
			sourceTree = "<group>";
		};
		37D88EB636148237179E9249 /* App */ = {
			isa = PBXGroup;
			children = (
				9FADF3E382B41D4433340E81 /* iOSApp.swift */,
			);
			path = App;
			sourceTree = "<group>";
		};
		4E93229FBC12F7E27E547BCA /* Products */ = {
			isa = PBXGroup;
			children = (
				18D0FEA38ED9AB3C2205D2AD /* Retot.app */,
				53A08AD7968741ADCA0B2B5D /* RetotiOS.app */,
				56F328925D02B472967D19CA /* RetotTests.xctest */,
				5A1BB822BBC4F5EE003D8B6A /* RetotUITests.xctest */,
			);
			name = Products;
			sourceTree = "<group>";
		};
		504D9E1BE0020E911785D0C8 /* App */ = {
			isa = PBXGroup;
			children = (
				ECC50F002DB0C1083A386DBD /* macOSApp.swift */,
			);
			path = App;
			sourceTree = "<group>";
		};
		7334127F6F79B6BE30FCA630 /* RetotTests */ = {
			isa = PBXGroup;
			children = (
				C620FDE8B06EF37B2EBA397C /* MarkdownExporterTests.swift */,
				8316D1B283B4BCEF165CEB7C /* NoteColorTests.swift */,
				54A6A8F562EA15DB69DC7BF8 /* NoteMetadataTests.swift */,
				1906BCA911D2E7DE90BCD1C1 /* NoteTests.swift */,
				822633A4DB153CA89C0D22EC /* StorageManagerTests.swift */,
				1612BAD658B12CA7E45CA737 /* WikiLinkProcessorTests.swift */,
			);
			path = RetotTests;
			sourceTree = "<group>";
		};
		7771A28848935B58F06765D6 /* Views */ = {
			isa = PBXGroup;
			children = (
				88EE1687087DF07951EC0F38 /* iOSRootView.swift */,
			);
			path = Views;
			sourceTree = "<group>";
		};
		79F56C2E9318D81F8AEA60B2 /* Shared */ = {
			isa = PBXGroup;
			children = (
				A91EC1E478FDA1B558926FA7 /* AI */,
				BEE0CCA5CA11DA95970BD407 /* App */,
				2AF772D61538984834611DC5 /* Export */,
				26BCE540D530FAD849674F53 /* Models */,
				81D165AFD76E5D30D1A38E6B /* Persistence */,
				C907BB158413174A1849003A /* Platform */,
			);
			name = Shared;
			path = Retot/Shared;
			sourceTree = "<group>";
		};
		81D165AFD76E5D30D1A38E6B /* Persistence */ = {
			isa = PBXGroup;
			children = (
				5878E60F0E3BCB33C2AAD8E3 /* StorageConstants.swift */,
				53044843A00078D7A79B9D21 /* StorageManager.swift */,
			);
			path = Persistence;
			sourceTree = "<group>";
		};
		84C9AD47A680A3E35DFC3905 /* Export */ = {
			isa = PBXGroup;
			children = (
				06CFA04109A97EA7AF2B83E1 /* ExportManager.swift */,
			);
			path = Export;
			sourceTree = "<group>";
		};
		8B39B897FA9BFFAD38F22DEC /* RetotUITests */ = {
			isa = PBXGroup;
			children = (
				708EDA34B7252C7BACB7EBCE /* RetotUITests.swift */,
				C27592E38E8295E985C9A93E /* RetotUITestsLaunchTests.swift */,
			);
			path = RetotUITests;
			sourceTree = "<group>";
		};
		A91EC1E478FDA1B558926FA7 /* AI */ = {
			isa = PBXGroup;
			children = (
				CF8064B92020144E6C30CDDA /* AIAssistantView.swift */,
				675F993F2E3D255F551ED4CB /* AIInstructions.swift */,
				77EF582693A7E0088E1ADA65 /* AIPopoverView.swift */,
				E6796766F27435FDF4855015 /* AIResultView.swift */,
				F0AC1878073E94FD28BAE58D /* AutoTagger.swift */,
				2E7F3E2E727817DFEBADBFB6 /* EntityExtractor.swift */,
				252CD77CA73EBE301D8250D6 /* ExtractionResultView.swift */,
				961CF22A97A88FC9256CDE7E /* IntelligenceAvailability.swift */,
				9687C02492C48FAD10D66494 /* NoteTools.swift */,
			);
			path = AI;
			sourceTree = "<group>";
		};
		BEC883F94BB6E2B1E794EBA4 /* macOS */ = {
			isa = PBXGroup;
			children = (
				504D9E1BE0020E911785D0C8 /* App */,
				E66F2B2158F6357FEDFD7A52 /* Editor */,
				84C9AD47A680A3E35DFC3905 /* Export */,
				1B95BA46507D1DCA7E60DE53 /* Views */,
			);
			name = macOS;
			path = Retot/macOS;
			sourceTree = "<group>";
		};
		BEE0CCA5CA11DA95970BD407 /* App */ = {
			isa = PBXGroup;
			children = (
				CE828D035D2B456D47A4C54E /* AppState.swift */,
			);
			path = App;
			sourceTree = "<group>";
		};
		C907BB158413174A1849003A /* Platform */ = {
			isa = PBXGroup;
			children = (
				AA91A00353B11B4BF8606C59 /* PlatformTypes.swift */,
			);
			path = Platform;
			sourceTree = "<group>";
		};
		E66F2B2158F6357FEDFD7A52 /* Editor */ = {
			isa = PBXGroup;
			children = (
				1F8E7BBA2DF28187501E40C8 /* EditorToolbar.swift */,
				3AF124499B8EB5524C2CECFD /* RichTextCoordinator.swift */,
				17B3AA66C33F66F439B8BA03 /* RichTextEditor.swift */,
				43071A915C8335DE4928FE71 /* WikiLinkProcessor.swift */,
			);
			path = Editor;
			sourceTree = "<group>";
		};
		F38DDA3634B21BFF1F3CA470 /* iOS */ = {
			isa = PBXGroup;
			children = (
				37D88EB636148237179E9249 /* App */,
				7771A28848935B58F06765D6 /* Views */,
			);
			name = iOS;
			path = Retot/iOS;
			sourceTree = "<group>";
		};
/* End PBXGroup section */

/* Begin PBXNativeTarget section */
		2CDBA8BF03D43DCD66806CDF /* RetotUITests */ = {
			isa = PBXNativeTarget;
			buildConfigurationList = 57AF766A034FF1D76ECE208D /* Build configuration list for PBXNativeTarget "RetotUITests" */;
			buildPhases = (
				5B92BFAC10F05FDA3AA138A2 /* Sources */,
			);
			buildRules = (
			);
			dependencies = (
				618E0BAB56DF7CD6C1CE691A /* PBXTargetDependency */,
			);
			name = RetotUITests;
			packageProductDependencies = (
			);
			productName = RetotUITests;
			productReference = 5A1BB822BBC4F5EE003D8B6A /* RetotUITests.xctest */;
			productType = "com.apple.product-type.bundle.ui-testing";
		};
		6E843D69327CB911FE3ED081 /* Retot */ = {
			isa = PBXNativeTarget;
			buildConfigurationList = 31AAFA6FD1C1008042B6A71F /* Build configuration list for PBXNativeTarget "Retot" */;
			buildPhases = (
				55C5AC130A4F01E9A32244A2 /* Sources */,
			);
			buildRules = (
			);
			dependencies = (
			);
			name = Retot;
			packageProductDependencies = (
			);
			productName = Retot;
			productReference = 18D0FEA38ED9AB3C2205D2AD /* Retot.app */;
			productType = "com.apple.product-type.application";
		};
		B59B9ED4E3D78D5A3A99D56E /* RetotTests */ = {
			isa = PBXNativeTarget;
			buildConfigurationList = 461DEED6BCEEF20219AAC6D5 /* Build configuration list for PBXNativeTarget "RetotTests" */;
			buildPhases = (
				33F2670EA4F1FA40A6311841 /* Sources */,
			);
			buildRules = (
			);
			dependencies = (
				ACD45943EB6A38CA09B763C2 /* PBXTargetDependency */,
			);
			name = RetotTests;
			packageProductDependencies = (
			);
			productName = RetotTests;
			productReference = 56F328925D02B472967D19CA /* RetotTests.xctest */;
			productType = "com.apple.product-type.bundle.unit-test";
		};
		FA7934883137A3A976F1894A /* RetotiOS */ = {
			isa = PBXNativeTarget;
			buildConfigurationList = 8AFA144467BD08C2FAC37814 /* Build configuration list for PBXNativeTarget "RetotiOS" */;
			buildPhases = (
				A70EE4F9979514062FB6AA2F /* Sources */,
			);
			buildRules = (
			);
			dependencies = (
			);
			name = RetotiOS;
			packageProductDependencies = (
			);
			productName = RetotiOS;
			productReference = 53A08AD7968741ADCA0B2B5D /* RetotiOS.app */;
			productType = "com.apple.product-type.application";
		};
/* End PBXNativeTarget section */

/* Begin PBXProject section */
		590FBDA3C1472BA8D8F51C5F /* Project object */ = {
			isa = PBXProject;
			attributes = {
				BuildIndependentTargetsInParallel = YES;
				LastUpgradeCheck = 1500;
				TargetAttributes = {
					2CDBA8BF03D43DCD66806CDF = {
						TestTargetID = 6E843D69327CB911FE3ED081;
					};
					6E843D69327CB911FE3ED081 = {
						ProvisioningStyle = Automatic;
					};
					FA7934883137A3A976F1894A = {
						ProvisioningStyle = Automatic;
					};
				};
			};
			buildConfigurationList = 89B68A69EC9CD6D1526CECDF /* Build configuration list for PBXProject "Retot" */;
			compatibilityVersion = "Xcode 14.0";
			developmentRegion = en;
			hasScannedForEncodings = 0;
			knownRegions = (
				Base,
				en,
			);
			mainGroup = 02FF6ACB0F771F4DA15D514A;
			minimizedProjectReferenceProxies = 1;
			preferredProjectObjectVersion = 77;
			projectDirPath = "";
			projectRoot = "";
			targets = (
				6E843D69327CB911FE3ED081 /* Retot */,
				B59B9ED4E3D78D5A3A99D56E /* RetotTests */,
				2CDBA8BF03D43DCD66806CDF /* RetotUITests */,
				FA7934883137A3A976F1894A /* RetotiOS */,
			);
		};
/* End PBXProject section */

/* Begin PBXSourcesBuildPhase section */
		33F2670EA4F1FA40A6311841 /* Sources */ = {
			isa = PBXSourcesBuildPhase;
			buildActionMask = 2147483647;
			files = (
				5EA6CD7089BBBE5BED7A19ED /* MarkdownExporterTests.swift in Sources */,
				40CB7341470FD686F2108DEC /* NoteColorTests.swift in Sources */,
				6BB4093854E39C16F804686F /* NoteMetadataTests.swift in Sources */,
				4938F255ECBF027429B145F2 /* NoteTests.swift in Sources */,
				DAB525EA6B2FB4D78B13E39C /* StorageManagerTests.swift in Sources */,
				DC8DE16B012C8FA486AB1DF1 /* WikiLinkProcessorTests.swift in Sources */,
			);
			runOnlyForDeploymentPostprocessing = 0;
		};
		55C5AC130A4F01E9A32244A2 /* Sources */ = {
			isa = PBXSourcesBuildPhase;
			buildActionMask = 2147483647;
			files = (
				D0DFC8975D16D720C3406E4A /* AIAssistantView.swift in Sources */,
				D65CD97DA2775428A99CB70B /* AIInstructions.swift in Sources */,
				300DB33B785F436F3BC2A184 /* AIPopoverView.swift in Sources */,
				2955591FECBD8379802C6CB3 /* AIResultView.swift in Sources */,
				F51B85D3FD684B4C28EF8B6B /* AppState.swift in Sources */,
				38DBCACBE0C0F361CA0F5667 /* AutoTagger.swift in Sources */,
				5DD010A93F855E06051614CC /* ColorExtensions.swift in Sources */,
				313B6FCDE3A34AC1F17FA034 /* ContentView.swift in Sources */,
				C77A8AAD0A8DC56540F389DD /* DotBar.swift in Sources */,
				9C9B1021427F4D77AC14D276 /* DotView.swift in Sources */,
				3159F6D3B6C012509F8A3702 /* EditorToolbar.swift in Sources */,
				4C4CF1AF3A83C665CB05AD5D /* EntityExtractor.swift in Sources */,
				A1D2D00C75D9C8FA77B11C12 /* ExportManager.swift in Sources */,
				ABAA36DBB568FB20E7E0ED6F /* ExtractionResultView.swift in Sources */,
				2D0F2D73A294121291934978 /* IntelligenceAvailability.swift in Sources */,
				4F8985386F6DEA41C0610F0C /* MarkdownExporter.swift in Sources */,
				270C2B16A4152F4339EA565E /* Note.swift in Sources */,
				E6D26103AD1CCB3B370646A3 /* NoteColor.swift in Sources */,
				D7AD0EB74DD8D5AD87DB6266 /* NoteEditorView.swift in Sources */,
				DF15D03D4AC7B3042C5CB184 /* NoteMetadata.swift in Sources */,
				27CF9E4E76214512C0FD9714 /* NotePickerView.swift in Sources */,
				C6D263D055646E8E9B101D82 /* NoteSettingsPopover.swift in Sources */,
				C3791C0524F39997D126F333 /* NoteTools.swift in Sources */,
				3AF66B02F4082E1E3B5597FD /* PlatformTypes.swift in Sources */,
				719DF0F46DC0E6A9DB9DC895 /* RichTextCoordinator.swift in Sources */,
				08DCBE3ECEE9783CC44CED6B /* RichTextEditor.swift in Sources */,
				A0A8225075069D260AF7EE7B /* SettingsView.swift in Sources */,
				9E996AB71402BF7F89772893 /* StorageConstants.swift in Sources */,
				B4C28FF4D2F1C28B379B7B6A /* StorageManager.swift in Sources */,
				669980CF46BC4104C0F1B2CC /* WikiLinkProcessor.swift in Sources */,
				D76054E9053C5A51C05479BC /* macOSApp.swift in Sources */,
			);
			runOnlyForDeploymentPostprocessing = 0;
		};
		5B92BFAC10F05FDA3AA138A2 /* Sources */ = {
			isa = PBXSourcesBuildPhase;
			buildActionMask = 2147483647;
			files = (
				AB0C266C1A8AE0514A17A1B9 /* RetotUITests.swift in Sources */,
				8B8D54A15C21AC01B71326D7 /* RetotUITestsLaunchTests.swift in Sources */,
			);
			runOnlyForDeploymentPostprocessing = 0;
		};
		A70EE4F9979514062FB6AA2F /* Sources */ = {
			isa = PBXSourcesBuildPhase;
			buildActionMask = 2147483647;
			files = (
				5796BF66C57FC4BF32D20963 /* AIAssistantView.swift in Sources */,
				B6062EC75DA6431C384349E4 /* AIInstructions.swift in Sources */,
				0BAFCCB9B7683415924E7E18 /* AIPopoverView.swift in Sources */,
				5676EC186EDB3492F6E3EC0C /* AIResultView.swift in Sources */,
				0157DF9ED727064224E5B774 /* AppState.swift in Sources */,
				186809F0980FECC50D985D4A /* AutoTagger.swift in Sources */,
				364E2E28D6106F82652B82C4 /* ColorExtensions.swift in Sources */,
				E13B978DFACBCF6D93FD8E9A /* EntityExtractor.swift in Sources */,
				0284BF5F5C100DE1AD3A4DA9 /* ExtractionResultView.swift in Sources */,
				8A1723775D8DED3CB2C90284 /* IntelligenceAvailability.swift in Sources */,
				5C4668916A1C8018B909259B /* MarkdownExporter.swift in Sources */,
				9AD55A40AAC8003E5844F30F /* Note.swift in Sources */,
				69E723AEE79346A1CF0CC3B5 /* NoteColor.swift in Sources */,
				9BDC81C838D17520A38DC118 /* NoteMetadata.swift in Sources */,
				39F3193EBD384CB03271472B /* NoteTools.swift in Sources */,
				6D792441843FCD9A54FB5474 /* PlatformTypes.swift in Sources */,
				91DCD821920D56EAC9BC42FF /* StorageConstants.swift in Sources */,
				B301E02F3AB40E6A6B7A3E64 /* StorageManager.swift in Sources */,
				50529AE0B028220F4FD4D43C /* iOSApp.swift in Sources */,
				F2CF395DD8DC68B7F267B7B4 /* iOSRootView.swift in Sources */,
			);
			runOnlyForDeploymentPostprocessing = 0;
		};
/* End PBXSourcesBuildPhase section */

/* Begin PBXTargetDependency section */
		618E0BAB56DF7CD6C1CE691A /* PBXTargetDependency */ = {
			isa = PBXTargetDependency;
			target = 6E843D69327CB911FE3ED081 /* Retot */;
			targetProxy = 3D7F1CF643E38E08348B6342 /* PBXContainerItemProxy */;
		};
		ACD45943EB6A38CA09B763C2 /* PBXTargetDependency */ = {
			isa = PBXTargetDependency;
			target = 6E843D69327CB911FE3ED081 /* Retot */;
			targetProxy = 055A318B582E234AE83217BF /* PBXContainerItemProxy */;
		};
/* End PBXTargetDependency section */

/* Begin XCBuildConfiguration section */
		396196D2BFB02AF5E52C1ED7 /* Release */ = {
			isa = XCBuildConfiguration;
			buildSettings = {
				ALWAYS_SEARCH_USER_PATHS = NO;
				CLANG_ANALYZER_NONNULL = YES;
				CLANG_ANALYZER_NUMBER_OBJECT_CONVERSION = YES_AGGRESSIVE;
				CLANG_CXX_LANGUAGE_STANDARD = "gnu++14";
				CLANG_CXX_LIBRARY = "libc++";
				CLANG_ENABLE_MODULES = YES;
				CLANG_ENABLE_OBJC_ARC = YES;
				CLANG_ENABLE_OBJC_WEAK = YES;
				CLANG_WARN_BLOCK_CAPTURE_AUTORELEASING = YES;
				CLANG_WARN_BOOL_CONVERSION = YES;
				CLANG_WARN_COMMA = YES;
				CLANG_WARN_CONSTANT_CONVERSION = YES;
				CLANG_WARN_DEPRECATED_OBJC_IMPLEMENTATIONS = YES;
				CLANG_WARN_DIRECT_OBJC_ISA_USAGE = YES_ERROR;
				CLANG_WARN_DOCUMENTATION_COMMENTS = YES;
				CLANG_WARN_EMPTY_BODY = YES;
				CLANG_WARN_ENUM_CONVERSION = YES;
				CLANG_WARN_INFINITE_RECURSION = YES;
				CLANG_WARN_INT_CONVERSION = YES;
				CLANG_WARN_NON_LITERAL_NULL_CONVERSION = YES;
				CLANG_WARN_OBJC_IMPLICIT_RETAIN_SELF = YES;
				CLANG_WARN_OBJC_LITERAL_CONVERSION = YES;
				CLANG_WARN_OBJC_ROOT_CLASS = YES_ERROR;
				CLANG_WARN_QUOTED_INCLUDE_IN_FRAMEWORK_HEADER = YES;
				CLANG_WARN_RANGE_LOOP_ANALYSIS = YES;
				CLANG_WARN_STRICT_PROTOTYPES = YES;
				CLANG_WARN_SUSPICIOUS_MOVE = YES;
				CLANG_WARN_UNGUARDED_AVAILABILITY = YES_AGGRESSIVE;
				CLANG_WARN_UNREACHABLE_CODE = YES;
				CLANG_WARN__DUPLICATE_METHOD_MATCH = YES;
				COPY_PHASE_STRIP = NO;
				DEBUG_INFORMATION_FORMAT = "dwarf-with-dsym";
				ENABLE_NS_ASSERTIONS = NO;
				ENABLE_STRICT_OBJC_MSGSEND = YES;
				GCC_C_LANGUAGE_STANDARD = gnu11;
				GCC_NO_COMMON_BLOCKS = YES;
				GCC_WARN_64_TO_32_BIT_CONVERSION = YES;
				GCC_WARN_ABOUT_RETURN_TYPE = YES_ERROR;
				GCC_WARN_UNDECLARED_SELECTOR = YES;
				GCC_WARN_UNINITIALIZED_AUTOS = YES_AGGRESSIVE;
				GCC_WARN_UNUSED_FUNCTION = YES;
				GCC_WARN_UNUSED_VARIABLE = YES;
				IPHONEOS_DEPLOYMENT_TARGET = 18.0;
				MACOSX_DEPLOYMENT_TARGET = 15.0;
				MTL_ENABLE_DEBUG_INFO = NO;
				MTL_FAST_MATH = YES;
				PRODUCT_NAME = "$(TARGET_NAME)";
				SWIFT_COMPILATION_MODE = wholemodule;
				SWIFT_OPTIMIZATION_LEVEL = "-O";
				SWIFT_VERSION = 5.0;
			};
			name = Release;
		};
		6A947F275D5B215242349E81 /* Release */ = {
			isa = XCBuildConfiguration;
			buildSettings = {
				ASSETCATALOG_COMPILER_APPICON_NAME = AppIcon;
				CODE_SIGN_ENTITLEMENTS = Retot/Retot.entitlements;
				CODE_SIGN_STYLE = Automatic;
				COMBINE_HIDPI_IMAGES = YES;
				CURRENT_PROJECT_VERSION = 1;
				INFOPLIST_FILE = Retot/Info.plist;
				LD_RUNPATH_SEARCH_PATHS = (
					"$(inherited)",
					"@executable_path/../Frameworks",
				);
				LS_UI_ELEMENT = YES;
				MACOSX_DEPLOYMENT_TARGET = 15.0;
				MARKETING_VERSION = 1.0.0;
				PRODUCT_BUNDLE_IDENTIFIER = com.erasmus.retot;
				PRODUCT_NAME = Retot;
				SDKROOT = macosx;
				SWIFT_VERSION = 5.9;
			};
			name = Release;
		};
		6D96F99A3F826CA00066DF1F /* Debug */ = {
			isa = XCBuildConfiguration;
			buildSettings = {
				ASSETCATALOG_COMPILER_APPICON_NAME = AppIcon;
				CODE_SIGN_IDENTITY = "iPhone Developer";
				CODE_SIGN_STYLE = Automatic;
				CURRENT_PROJECT_VERSION = 1;
				GENERATE_INFOPLIST_FILE = YES;
				INFOPLIST_KEY_UIApplicationSceneManifest_Generation = YES;
				INFOPLIST_KEY_UISupportedInterfaceOrientations_iPhone = "UIInterfaceOrientationPortrait UIInterfaceOrientationLandscapeLeft UIInterfaceOrientationLandscapeRight";
				IPHONEOS_DEPLOYMENT_TARGET = 18.0;
				LD_RUNPATH_SEARCH_PATHS = (
					"$(inherited)",
					"@executable_path/Frameworks",
				);
				MARKETING_VERSION = 1.0.0;
				PRODUCT_BUNDLE_IDENTIFIER = com.erasmus.retot.ios;
				PRODUCT_NAME = Retot;
				SDKROOT = iphoneos;
				SWIFT_VERSION = 5.9;
				TARGETED_DEVICE_FAMILY = "1,2";
			};
			name = Debug;
		};
		8374B76325FD47ED5F5EA70F /* Debug */ = {
			isa = XCBuildConfiguration;
			buildSettings = {
				ALWAYS_SEARCH_USER_PATHS = NO;
				CLANG_ANALYZER_NONNULL = YES;
				CLANG_ANALYZER_NUMBER_OBJECT_CONVERSION = YES_AGGRESSIVE;
				CLANG_CXX_LANGUAGE_STANDARD = "gnu++14";
				CLANG_CXX_LIBRARY = "libc++";
				CLANG_ENABLE_MODULES = YES;
				CLANG_ENABLE_OBJC_ARC = YES;
				CLANG_ENABLE_OBJC_WEAK = YES;
				CLANG_WARN_BLOCK_CAPTURE_AUTORELEASING = YES;
				CLANG_WARN_BOOL_CONVERSION = YES;
				CLANG_WARN_COMMA = YES;
				CLANG_WARN_CONSTANT_CONVERSION = YES;
				CLANG_WARN_DEPRECATED_OBJC_IMPLEMENTATIONS = YES;
				CLANG_WARN_DIRECT_OBJC_ISA_USAGE = YES_ERROR;
				CLANG_WARN_DOCUMENTATION_COMMENTS = YES;
				CLANG_WARN_EMPTY_BODY = YES;
				CLANG_WARN_ENUM_CONVERSION = YES;
				CLANG_WARN_INFINITE_RECURSION = YES;
				CLANG_WARN_INT_CONVERSION = YES;
				CLANG_WARN_NON_LITERAL_NULL_CONVERSION = YES;
				CLANG_WARN_OBJC_IMPLICIT_RETAIN_SELF = YES;
				CLANG_WARN_OBJC_LITERAL_CONVERSION = YES;
				CLANG_WARN_OBJC_ROOT_CLASS = YES_ERROR;
				CLANG_WARN_QUOTED_INCLUDE_IN_FRAMEWORK_HEADER = YES;
				CLANG_WARN_RANGE_LOOP_ANALYSIS = YES;
				CLANG_WARN_STRICT_PROTOTYPES = YES;
				CLANG_WARN_SUSPICIOUS_MOVE = YES;
				CLANG_WARN_UNGUARDED_AVAILABILITY = YES_AGGRESSIVE;
				CLANG_WARN_UNREACHABLE_CODE = YES;
				CLANG_WARN__DUPLICATE_METHOD_MATCH = YES;
				COPY_PHASE_STRIP = NO;
				DEBUG_INFORMATION_FORMAT = dwarf;
				ENABLE_STRICT_OBJC_MSGSEND = YES;
				ENABLE_TESTABILITY = YES;
				GCC_C_LANGUAGE_STANDARD = gnu11;
				GCC_DYNAMIC_NO_PIC = NO;
				GCC_NO_COMMON_BLOCKS = YES;
				GCC_OPTIMIZATION_LEVEL = 0;
				GCC_PREPROCESSOR_DEFINITIONS = (
					"$(inherited)",
					"DEBUG=1",
				);
				GCC_WARN_64_TO_32_BIT_CONVERSION = YES;
				GCC_WARN_ABOUT_RETURN_TYPE = YES_ERROR;
				GCC_WARN_UNDECLARED_SELECTOR = YES;
				GCC_WARN_UNINITIALIZED_AUTOS = YES_AGGRESSIVE;
				GCC_WARN_UNUSED_FUNCTION = YES;
				GCC_WARN_UNUSED_VARIABLE = YES;
				IPHONEOS_DEPLOYMENT_TARGET = 18.0;
				MACOSX_DEPLOYMENT_TARGET = 15.0;
				MTL_ENABLE_DEBUG_INFO = INCLUDE_SOURCE;
				MTL_FAST_MATH = YES;
				ONLY_ACTIVE_ARCH = YES;
				PRODUCT_NAME = "$(TARGET_NAME)";
				SWIFT_ACTIVE_COMPILATION_CONDITIONS = DEBUG;
				SWIFT_OPTIMIZATION_LEVEL = "-Onone";
				SWIFT_VERSION = 5.0;
			};
			name = Debug;
		};
		87E9695DFA264AAB49D934B1 /* Release */ = {
			isa = XCBuildConfiguration;
			buildSettings = {
				BUNDLE_LOADER = "$(TEST_HOST)";
				COMBINE_HIDPI_IMAGES = YES;
				GENERATE_INFOPLIST_FILE = YES;
				LD_RUNPATH_SEARCH_PATHS = (
					"$(inherited)",
					"@executable_path/Frameworks",
					"@loader_path/Frameworks",
				);
				MACOSX_DEPLOYMENT_TARGET = 15.0;
				PRODUCT_BUNDLE_IDENTIFIER = com.erasmus.retot.uitests;
				SDKROOT = macosx;
				SWIFT_VERSION = 5.9;
				TEST_TARGET_NAME = Retot;
			};
			name = Release;
		};
		98348B6F3116973A7DCC761A /* Debug */ = {
			isa = XCBuildConfiguration;
			buildSettings = {
				ASSETCATALOG_COMPILER_APPICON_NAME = AppIcon;
				CODE_SIGN_ENTITLEMENTS = Retot/Retot.entitlements;
				CODE_SIGN_STYLE = Automatic;
				COMBINE_HIDPI_IMAGES = YES;
				CURRENT_PROJECT_VERSION = 1;
				INFOPLIST_FILE = Retot/Info.plist;
				LD_RUNPATH_SEARCH_PATHS = (
					"$(inherited)",
					"@executable_path/../Frameworks",
				);
				LS_UI_ELEMENT = YES;
				MACOSX_DEPLOYMENT_TARGET = 15.0;
				MARKETING_VERSION = 1.0.0;
				PRODUCT_BUNDLE_IDENTIFIER = com.erasmus.retot;
				PRODUCT_NAME = Retot;
				SDKROOT = macosx;
				SWIFT_VERSION = 5.9;
			};
			name = Debug;
		};
		AB9C7C47B4BDA57DCFCC2449 /* Debug */ = {
			isa = XCBuildConfiguration;
			buildSettings = {
				BUNDLE_LOADER = "$(TEST_HOST)";
				COMBINE_HIDPI_IMAGES = YES;
				GENERATE_INFOPLIST_FILE = YES;
				LD_RUNPATH_SEARCH_PATHS = (
					"$(inherited)",
					"@executable_path/../Frameworks",
					"@loader_path/../Frameworks",
				);
				MACOSX_DEPLOYMENT_TARGET = 15.0;
				PRODUCT_BUNDLE_IDENTIFIER = com.erasmus.retot.tests;
				SDKROOT = macosx;
				SWIFT_VERSION = 5.9;
				TEST_HOST = "$(BUILT_PRODUCTS_DIR)/Retot.app/Contents/MacOS/Retot";
			};
			name = Debug;
		};
		C1761AE20FC79977C775C66B /* Release */ = {
			isa = XCBuildConfiguration;
			buildSettings = {
				BUNDLE_LOADER = "$(TEST_HOST)";
				COMBINE_HIDPI_IMAGES = YES;
				GENERATE_INFOPLIST_FILE = YES;
				LD_RUNPATH_SEARCH_PATHS = (
					"$(inherited)",
					"@executable_path/../Frameworks",
					"@loader_path/../Frameworks",
				);
				MACOSX_DEPLOYMENT_TARGET = 15.0;
				PRODUCT_BUNDLE_IDENTIFIER = com.erasmus.retot.tests;
				SDKROOT = macosx;
				SWIFT_VERSION = 5.9;
				TEST_HOST = "$(BUILT_PRODUCTS_DIR)/Retot.app/Contents/MacOS/Retot";
			};
			name = Release;
		};
		D4BA50AE2FE8B4EDD3C101DE /* Release */ = {
			isa = XCBuildConfiguration;
			buildSettings = {
				ASSETCATALOG_COMPILER_APPICON_NAME = AppIcon;
				CODE_SIGN_IDENTITY = "iPhone Developer";
				CODE_SIGN_STYLE = Automatic;
				CURRENT_PROJECT_VERSION = 1;
				GENERATE_INFOPLIST_FILE = YES;
				INFOPLIST_KEY_UIApplicationSceneManifest_Generation = YES;
				INFOPLIST_KEY_UISupportedInterfaceOrientations_iPhone = "UIInterfaceOrientationPortrait UIInterfaceOrientationLandscapeLeft UIInterfaceOrientationLandscapeRight";
				IPHONEOS_DEPLOYMENT_TARGET = 18.0;
				LD_RUNPATH_SEARCH_PATHS = (
					"$(inherited)",
					"@executable_path/Frameworks",
				);
				MARKETING_VERSION = 1.0.0;
				PRODUCT_BUNDLE_IDENTIFIER = com.erasmus.retot.ios;
				PRODUCT_NAME = Retot;
				SDKROOT = iphoneos;
				SWIFT_VERSION = 5.9;
				TARGETED_DEVICE_FAMILY = "1,2";
			};
			name = Release;
		};
		FC9B623D4ADDBA3AC2346E0A /* Debug */ = {
			isa = XCBuildConfiguration;
			buildSettings = {
				BUNDLE_LOADER = "$(TEST_HOST)";
				COMBINE_HIDPI_IMAGES = YES;
				GENERATE_INFOPLIST_FILE = YES;
				LD_RUNPATH_SEARCH_PATHS = (
					"$(inherited)",
					"@executable_path/Frameworks",
					"@loader_path/Frameworks",
				);
				MACOSX_DEPLOYMENT_TARGET = 15.0;
				PRODUCT_BUNDLE_IDENTIFIER = com.erasmus.retot.uitests;
				SDKROOT = macosx;
				SWIFT_VERSION = 5.9;
				TEST_TARGET_NAME = Retot;
			};
			name = Debug;
		};
/* End XCBuildConfiguration section */

/* Begin XCConfigurationList section */
		31AAFA6FD1C1008042B6A71F /* Build configuration list for PBXNativeTarget "Retot" */ = {
			isa = XCConfigurationList;
			buildConfigurations = (
				98348B6F3116973A7DCC761A /* Debug */,
				6A947F275D5B215242349E81 /* Release */,
			);
			defaultConfigurationIsVisible = 0;
			defaultConfigurationName = Debug;
		};
		461DEED6BCEEF20219AAC6D5 /* Build configuration list for PBXNativeTarget "RetotTests" */ = {
			isa = XCConfigurationList;
			buildConfigurations = (
				AB9C7C47B4BDA57DCFCC2449 /* Debug */,
				C1761AE20FC79977C775C66B /* Release */,
			);
			defaultConfigurationIsVisible = 0;
			defaultConfigurationName = Debug;
		};
		57AF766A034FF1D76ECE208D /* Build configuration list for PBXNativeTarget "RetotUITests" */ = {
			isa = XCConfigurationList;
			buildConfigurations = (
				FC9B623D4ADDBA3AC2346E0A /* Debug */,
				87E9695DFA264AAB49D934B1 /* Release */,
			);
			defaultConfigurationIsVisible = 0;
			defaultConfigurationName = Debug;
		};
		89B68A69EC9CD6D1526CECDF /* Build configuration list for PBXProject "Retot" */ = {
			isa = XCConfigurationList;
			buildConfigurations = (
				8374B76325FD47ED5F5EA70F /* Debug */,
				396196D2BFB02AF5E52C1ED7 /* Release */,
			);
			defaultConfigurationIsVisible = 0;
			defaultConfigurationName = Debug;
		};
		8AFA144467BD08C2FAC37814 /* Build configuration list for PBXNativeTarget "RetotiOS" */ = {
			isa = XCConfigurationList;
			buildConfigurations = (
				6D96F99A3F826CA00066DF1F /* Debug */,
				D4BA50AE2FE8B4EDD3C101DE /* Release */,
			);
			defaultConfigurationIsVisible = 0;
			defaultConfigurationName = Debug;
		};
/* End XCConfigurationList section */
	};
	rootObject = 590FBDA3C1472BA8D8F51C5F /* Project object */;
}
